
Microsoft Visual Studio Solution File, Format Version 12.00
# Visual Studio Version 16
VisualStudioVersion = 16.0.32002.261
MinimumVisualStudioVersion = 10.0.40219.1
Project("{FAE04EC0-301F-11D3-BF4B-00C04F79EFBC}") = "SimpleGenerateInvoice", "SimpleGenerateInvoice\SimpleGenerateInvoice.csproj", "{99614847-1708-4234-B1B0-10E646BEC52B}"
EndProject
Global
	GlobalSection(SolutionConfigurationPlatforms) = preSolution
		Debug|Any CPU = Debug|Any CPU
		Release|Any CPU = Release|Any CPU
	EndGlobalSection
	GlobalSection(ProjectConfigurationPlatforms) = postSolution
		{99614847-1708-4234-B1B0-10E646BEC52B}.Debug|Any CPU.ActiveCfg = Debug|Any CPU
		{99614847-1708-4234-B1B0-10E646BEC52B}.Debug|Any CPU.Build.0 = Debug|Any CPU
		{99614847-1708-4234-B1B0-10E646BEC52B}.Release|Any CPU.ActiveCfg = Release|Any CPU
		{99614847-1708-4234-B1B0-10E646BEC52B}.Release|Any CPU.Build.0 = Release|Any CPU
	EndGlobalSection
	GlobalSection(SolutionProperties) = preSolution
		HideSolutionNode = FALSE
	EndGlobalSection
	GlobalSection(ExtensibilityGlobals) = postSolution
		SolutionGuid = {8D3CB193-E3ED-43CD-BB08-5F392261D341}
	EndGlobalSection
EndGlobal
